
Microsoft Visual Studio Solution File, Format Version 12.00
# Visual Studio Version 17
VisualStudioVersion = 17.4.33213.308
MinimumVisualStudioVersion = 10.0.40219.1
Project("{888888A0-9F3D-457C-B088-3A5042F75D52}") = "DiplomBot2", "DiplomBot2\DiplomBot2.pyproj", "{13999F95-B8D3-4DDB-AB2F-9B894DE4EDF0}"
EndProject
Global
	GlobalSection(SolutionConfigurationPlatforms) = preSolution
		Debug|Any CPU = Debug|Any CPU
		Release|Any CPU = Release|Any CPU
	EndGlobalSection
	GlobalSection(ProjectConfigurationPlatforms) = postSolution
		{13999F95-B8D3-4DDB-AB2F-9B894DE4EDF0}.Debug|Any CPU.ActiveCfg = Debug|Any CPU
		{13999F95-B8D3-4DDB-AB2F-9B894DE4EDF0}.Release|Any CPU.ActiveCfg = Release|Any CPU
	EndGlobalSection
	GlobalSection(SolutionProperties) = preSolution
		HideSolutionNode = FALSE
	EndGlobalSection
	GlobalSection(ExtensibilityGlobals) = postSolution
		SolutionGuid = {B9C6647F-B464-492B-95B7-EEC69C6C95BE}
	EndGlobalSection
EndGlobal
